
Microsoft Visual Studio Solution File, Format Version 12.00
# Visual Studio 15
VisualStudioVersion = 15.0.27703.2042
MinimumVisualStudioVersion = 10.0.40219.1
Project("{FAE04EC0-301F-11D3-BF4B-00C04F79EFBC}") = "Fraction", "Fraction\Fraction.csproj", "{2E70DAE6-E52A-42D8-B27A-9C5B933E2905}"
EndProject
Project("{FAE04EC0-301F-11D3-BF4B-00C04F79EFBC}") = "Tester", "Tester\Tester.csproj", "{48E1BF8E-806D-40E9-B5C3-42BAE8608B1F}"
EndProject
Global
	GlobalSection(SolutionConfigurationPlatforms) = preSolution
		Debug|Any CPU = Debug|Any CPU
		Release|Any CPU = Release|Any CPU
	EndGlobalSection
	GlobalSection(ProjectConfigurationPlatforms) = postSolution
		{2E70DAE6-E52A-42D8-B27A-9C5B933E2905}.Debug|Any CPU.ActiveCfg = Debug|Any CPU
		{2E70DAE6-E52A-42D8-B27A-9C5B933E2905}.Debug|Any CPU.Build.0 = Debug|Any CPU
		{2E70DAE6-E52A-42D8-B27A-9C5B933E2905}.Release|Any CPU.ActiveCfg = Release|Any CPU
		{2E70DAE6-E52A-42D8-B27A-9C5B933E2905}.Release|Any CPU.Build.0 = Release|Any CPU
		{48E1BF8E-806D-40E9-B5C3-42BAE8608B1F}.Debug|Any CPU.ActiveCfg = Debug|Any CPU
		{48E1BF8E-806D-40E9-B5C3-42BAE8608B1F}.Debug|Any CPU.Build.0 = Debug|Any CPU
		{48E1BF8E-806D-40E9-B5C3-42BAE8608B1F}.Release|Any CPU.ActiveCfg = Release|Any CPU
		{48E1BF8E-806D-40E9-B5C3-42BAE8608B1F}.Release|Any CPU.Build.0 = Release|Any CPU
	EndGlobalSection
	GlobalSection(SolutionProperties) = preSolution
		HideSolutionNode = FALSE
	EndGlobalSection
	GlobalSection(ExtensibilityGlobals) = postSolution
		SolutionGuid = {93DB3690-3BF3-478C-9E27-1FA2AF5386F4}
	EndGlobalSection
EndGlobal
